{
  "requires": true,
  "lockfileVersion": 1,
  "dependencies": {
    "countup.js": {
      "version": "2.0.3",
      "resolved": "https://registry.npmjs.org/countup.js/-/countup.js-2.0.3.tgz",
      "integrity": "sha512-EO2l2tTn6Wizms0KDtdH2SMoIgCrn/ueWY6HIsQT8ia2y6lOR4r6diTD3/G5NaIad9AFmwF1cedgZV/8MocFPA=="
    }
  }
}
